
Microsoft Visual Studio Solution File, Format Version 12.00
# Visual Studio Version 17
VisualStudioVersion = 17.9.34616.47
MinimumVisualStudioVersion = 10.0.40219.1
Project("{FAE04EC0-301F-11D3-BF4B-00C04F79EFBC}") = "dummySpendit", "dummySpendit\dummySpendit.csproj", "{735A0096-DCD4-43ED-84AA-30730ADCB705}"
EndProject
Global
	GlobalSection(SolutionConfigurationPlatforms) = preSolution
		Debug|Any CPU = Debug|Any CPU
		Release|Any CPU = Release|Any CPU
	EndGlobalSection
	GlobalSection(ProjectConfigurationPlatforms) = postSolution
		{735A0096-DCD4-43ED-84AA-30730ADCB705}.Debug|Any CPU.ActiveCfg = Debug|Any CPU
		{735A0096-DCD4-43ED-84AA-30730ADCB705}.Debug|Any CPU.Build.0 = Debug|Any CPU
		{735A0096-DCD4-43ED-84AA-30730ADCB705}.Release|Any CPU.ActiveCfg = Release|Any CPU
		{735A0096-DCD4-43ED-84AA-30730ADCB705}.Release|Any CPU.Build.0 = Release|Any CPU
	EndGlobalSection
	GlobalSection(SolutionProperties) = preSolution
		HideSolutionNode = FALSE
	EndGlobalSection
	GlobalSection(ExtensibilityGlobals) = postSolution
		SolutionGuid = {53F499F5-29CB-4E76-A5CF-D7026D43E1B7}
	EndGlobalSection
EndGlobal
